
Microsoft Visual Studio Solution File, Format Version 12.00
# Visual Studio Version 16
VisualStudioVersion = 16.0.30804.86
MinimumVisualStudioVersion = 10.0.40219.1
Project("{FAE04EC0-301F-11D3-BF4B-00C04F79EFBC}") = "Gestion des reservations", "Gestion des reservations\Gestion des reservations.csproj", "{529929CC-D902-4D7C-B214-98730A46DE92}"
EndProject
Global
	GlobalSection(SolutionConfigurationPlatforms) = preSolution
		Debug|Any CPU = Debug|Any CPU
		Release|Any CPU = Release|Any CPU
	EndGlobalSection
	GlobalSection(ProjectConfigurationPlatforms) = postSolution
		{529929CC-D902-4D7C-B214-98730A46DE92}.Debug|Any CPU.ActiveCfg = Debug|Any CPU
		{529929CC-D902-4D7C-B214-98730A46DE92}.Debug|Any CPU.Build.0 = Debug|Any CPU
		{529929CC-D902-4D7C-B214-98730A46DE92}.Release|Any CPU.ActiveCfg = Release|Any CPU
		{529929CC-D902-4D7C-B214-98730A46DE92}.Release|Any CPU.Build.0 = Release|Any CPU
	EndGlobalSection
	GlobalSection(SolutionProperties) = preSolution
		HideSolutionNode = FALSE
	EndGlobalSection
	GlobalSection(ExtensibilityGlobals) = postSolution
		SolutionGuid = {416039DA-7A1A-4606-A69F-FEEA42485222}
	EndGlobalSection
EndGlobal
